
Microsoft Visual Studio Solution File, Format Version 12.00
# Visual Studio Version 17
VisualStudioVersion = 17.9.34701.34
MinimumVisualStudioVersion = 10.0.40219.1
Project("{9A19103F-16F7-4668-BE54-9A1E7A4F7556}") = "TestProject1_v2", "TestProject1_v2\TestProject1_v2.csproj", "{12C21E1F-3E86-4623-8F09-C4FFC8AAE590}"
EndProject
Project("{9A19103F-16F7-4668-BE54-9A1E7A4F7556}") = "TestProject1_v3", "TestProject1_v3\TestProject1_v3.csproj", "{CD0E7D9B-B389-4BE0-B0CE-4A2365FEEB4E}"
EndProject
Project("{FAE04EC0-301F-11D3-BF4B-00C04F79EFBC}") = "TestProject2", "TestProject2\TestProject2.csproj", "{874139C9-2698-408A-8C9A-FA5EF6774473}"
EndProject
Project("{FAE04EC0-301F-11D3-BF4B-00C04F79EFBC}") = "TestProject3_v3", "TestProject3_v3\TestProject3_v3.csproj", "{76A027AB-6E14-47AD-B58F-CE6AE2BB9133}"
EndProject
Project("{FAE04EC0-301F-11D3-BF4B-00C04F79EFBC}") = "TestProject3_v2", "TestProject3_v2\TestProject3_v2.csproj", "{FA2822B9-645B-4F34-A913-695EFC9032F7}"
EndProject
Project("{FAE04EC0-301F-11D3-BF4B-00C04F79EFBC}") = "TestProject4_v3", "TestProject4_v3\TestProject4_v3.csproj", "{81760E62-6562-42F5-AEE0-5310CB0FD4C7}"
EndProject
Project("{FAE04EC0-301F-11D3-BF4B-00C04F79EFBC}") = "TestProject4_v2", "TestProject4_v2\TestProject4_v2.csproj", "{BD73279A-73B8-4DC2-BB70-6BF6FBDD6BCD}"
EndProject
Project("{FAE04EC0-301F-11D3-BF4B-00C04F79EFBC}") = "TestProject5_v3", "TestProject5_v3\TestProject5_v3.csproj", "{39B062C8-11E6-4633-875B-D7547498BFA1}"
EndProject
Project("{FAE04EC0-301F-11D3-BF4B-00C04F79EFBC}") = "TestProject5_v2", "TestProject5_v2\TestProject5_v2.csproj", "{048A02FC-4FA9-405D-96FC-44850A40E983}"
EndProject
Global
	GlobalSection(SolutionConfigurationPlatforms) = preSolution
		Debug|Any CPU = Debug|Any CPU
		Release|Any CPU = Release|Any CPU
	EndGlobalSection
	GlobalSection(ProjectConfigurationPlatforms) = postSolution
		{12C21E1F-3E86-4623-8F09-C4FFC8AAE590}.Debug|Any CPU.ActiveCfg = Debug|Any CPU
		{12C21E1F-3E86-4623-8F09-C4FFC8AAE590}.Debug|Any CPU.Build.0 = Debug|Any CPU
		{12C21E1F-3E86-4623-8F09-C4FFC8AAE590}.Release|Any CPU.ActiveCfg = Release|Any CPU
		{12C21E1F-3E86-4623-8F09-C4FFC8AAE590}.Release|Any CPU.Build.0 = Release|Any CPU
		{CD0E7D9B-B389-4BE0-B0CE-4A2365FEEB4E}.Debug|Any CPU.ActiveCfg = Debug|Any CPU
		{CD0E7D9B-B389-4BE0-B0CE-4A2365FEEB4E}.Debug|Any CPU.Build.0 = Debug|Any CPU
		{CD0E7D9B-B389-4BE0-B0CE-4A2365FEEB4E}.Release|Any CPU.ActiveCfg = Release|Any CPU
		{CD0E7D9B-B389-4BE0-B0CE-4A2365FEEB4E}.Release|Any CPU.Build.0 = Release|Any CPU
		{874139C9-2698-408A-8C9A-FA5EF6774473}.Debug|Any CPU.ActiveCfg = Debug|Any CPU
		{874139C9-2698-408A-8C9A-FA5EF6774473}.Debug|Any CPU.Build.0 = Debug|Any CPU
		{874139C9-2698-408A-8C9A-FA5EF6774473}.Release|Any CPU.ActiveCfg = Release|Any CPU
		{874139C9-2698-408A-8C9A-FA5EF6774473}.Release|Any CPU.Build.0 = Release|Any CPU
		{76A027AB-6E14-47AD-B58F-CE6AE2BB9133}.Debug|Any CPU.ActiveCfg = Debug|Any CPU
		{76A027AB-6E14-47AD-B58F-CE6AE2BB9133}.Debug|Any CPU.Build.0 = Debug|Any CPU
		{76A027AB-6E14-47AD-B58F-CE6AE2BB9133}.Release|Any CPU.ActiveCfg = Release|Any CPU
		{76A027AB-6E14-47AD-B58F-CE6AE2BB9133}.Release|Any CPU.Build.0 = Release|Any CPU
		{FA2822B9-645B-4F34-A913-695EFC9032F7}.Debug|Any CPU.ActiveCfg = Debug|Any CPU
		{FA2822B9-645B-4F34-A913-695EFC9032F7}.Debug|Any CPU.Build.0 = Debug|Any CPU
		{FA2822B9-645B-4F34-A913-695EFC9032F7}.Release|Any CPU.ActiveCfg = Release|Any CPU
		{FA2822B9-645B-4F34-A913-695EFC9032F7}.Release|Any CPU.Build.0 = Release|Any CPU
		{81760E62-6562-42F5-AEE0-5310CB0FD4C7}.Debug|Any CPU.ActiveCfg = Debug|Any CPU
		{81760E62-6562-42F5-AEE0-5310CB0FD4C7}.Debug|Any CPU.Build.0 = Debug|Any CPU
		{81760E62-6562-42F5-AEE0-5310CB0FD4C7}.Release|Any CPU.ActiveCfg = Release|Any CPU
		{81760E62-6562-42F5-AEE0-5310CB0FD4C7}.Release|Any CPU.Build.0 = Release|Any CPU
		{BD73279A-73B8-4DC2-BB70-6BF6FBDD6BCD}.Debug|Any CPU.ActiveCfg = Debug|Any CPU
		{BD73279A-73B8-4DC2-BB70-6BF6FBDD6BCD}.Debug|Any CPU.Build.0 = Debug|Any CPU
		{BD73279A-73B8-4DC2-BB70-6BF6FBDD6BCD}.Release|Any CPU.ActiveCfg = Release|Any CPU
		{BD73279A-73B8-4DC2-BB70-6BF6FBDD6BCD}.Release|Any CPU.Build.0 = Release|Any CPU
		{39B062C8-11E6-4633-875B-D7547498BFA1}.Debug|Any CPU.ActiveCfg = Debug|Any CPU
		{39B062C8-11E6-4633-875B-D7547498BFA1}.Debug|Any CPU.Build.0 = Debug|Any CPU
		{39B062C8-11E6-4633-875B-D7547498BFA1}.Release|Any CPU.ActiveCfg = Release|Any CPU
		{39B062C8-11E6-4633-875B-D7547498BFA1}.Release|Any CPU.Build.0 = Release|Any CPU
		{048A02FC-4FA9-405D-96FC-44850A40E983}.Debug|Any CPU.ActiveCfg = Debug|Any CPU
		{048A02FC-4FA9-405D-96FC-44850A40E983}.Debug|Any CPU.Build.0 = Debug|Any CPU
		{048A02FC-4FA9-405D-96FC-44850A40E983}.Release|Any CPU.ActiveCfg = Release|Any CPU
		{048A02FC-4FA9-405D-96FC-44850A40E983}.Release|Any CPU.Build.0 = Release|Any CPU
	EndGlobalSection
	GlobalSection(SolutionProperties) = preSolution
		HideSolutionNode = FALSE
	EndGlobalSection
	GlobalSection(ExtensibilityGlobals) = postSolution
		SolutionGuid = {54927496-AF44-4B24-B9E1-7FF139FBE3A3}
	EndGlobalSection
EndGlobal
